// !$*UTF8*$!
{
	archiveVersion = 1;
	classes = {
	};
	objectVersion = 45;
	objects = {

/* Begin PBXBuildFile section */
		43EDB8331428EE7B00EF5996 /* Particle.cpp in Sources */ = {isa = PBXBuildFile; fileRef = 43EDB8321428EE7B00EF5996 /* Particle.cpp */; };
		43EDB83B1428F12D00EF5996 /* yarn.cpp in Sources */ = {isa = PBXBuildFile; fileRef = 43EDB83A1428F12D00EF5996 /* yarn.cpp */; };
		43EDB843142FD78B00EF5996 /* makefile in Sources */ = {isa = PBXBuildFile; fileRef = 43EDB842142FD78B00EF5996 /* makefile */; };
		43EDB850142FD7F600EF5996 /* glut32.lib in Frameworks */ = {isa = PBXBuildFile; fileRef = 43EDB84B142FD7F600EF5996 /* glut32.lib */; };
		43EDB851142FD7F600EF5996 /* glutfps.cpp in Sources */ = {isa = PBXBuildFile; fileRef = 43EDB84C142FD7F600EF5996 /* glutfps.cpp */; };
		43EDB852142FD7F600EF5996 /* makefile in Sources */ = {isa = PBXBuildFile; fileRef = 43EDB84F142FD7F600EF5996 /* makefile */; };
		8DD76F6A0486A84900D96B5E /* FTPstats.yml.1 in CopyFiles */ = {isa = PBXBuildFile; fileRef = C6859E8B029090EE04C91782 /* FTPstats.yml.1 */; };
/* End PBXBuildFile section */

/* Begin PBXCopyFilesBuildPhase section */
		8DD76F690486A84900D96B5E /* CopyFiles */ = {
			isa = PBXCopyFilesBuildPhase;
			buildActionMask = 8;
			dstPath = /usr/share/man/man1/;
			dstSubfolderSpec = 0;
			files = (
				8DD76F6A0486A84900D96B5E /* FTPstats.yml.1 in CopyFiles */,
			);
			runOnlyForDeploymentPostprocessing = 1;
		};
/* End PBXCopyFilesBuildPhase section */

/* Begin PBXFileReference section */
		43EDB8311428EE7B00EF5996 /* Particle.h */ = {isa = PBXFileReference; fileEncoding = 4; lastKnownFileType = sourcecode.c.h; path = Particle.h; sourceTree = "<group>"; };
		43EDB8321428EE7B00EF5996 /* Particle.cpp */ = {isa = PBXFileReference; fileEncoding = 4; lastKnownFileType = sourcecode.cpp.cpp; path = Particle.cpp; sourceTree = "<group>"; };
		43EDB83A1428F12D00EF5996 /* yarn.cpp */ = {isa = PBXFileReference; fileEncoding = 4; lastKnownFileType = sourcecode.cpp.cpp; path = yarn.cpp; sourceTree = "<group>"; };
		43EDB842142FD78B00EF5996 /* makefile */ = {isa = PBXFileReference; fileEncoding = 4; lastKnownFileType = sourcecode.make; name = makefile; path = ../makefile; sourceTree = SOURCE_ROOT; };
		43EDB848142FD7F600EF5996 /* glut.h */ = {isa = PBXFileReference; fileEncoding = 4; lastKnownFileType = sourcecode.c.h; path = glut.h; sourceTree = "<group>"; };
		43EDB849142FD7F600EF5996 /* glut.def */ = {isa = PBXFileReference; fileEncoding = 4; lastKnownFileType = text; path = glut.def; sourceTree = "<group>"; };
		43EDB84A142FD7F600EF5996 /* glut32.dll */ = {isa = PBXFileReference; lastKnownFileType = file; path = glut32.dll; sourceTree = "<group>"; };
		43EDB84B142FD7F600EF5996 /* glut32.lib */ = {isa = PBXFileReference; lastKnownFileType = archive.ar; path = glut32.lib; sourceTree = "<group>"; };
		43EDB84C142FD7F600EF5996 /* glutfps.cpp */ = {isa = PBXFileReference; fileEncoding = 4; lastKnownFileType = sourcecode.cpp.cpp; path = glutfps.cpp; sourceTree = "<group>"; };
		43EDB84D142FD7F600EF5996 /* glutfps.dsp */ = {isa = PBXFileReference; fileEncoding = 4; lastKnownFileType = text; path = glutfps.dsp; sourceTree = "<group>"; };
		43EDB84E142FD7F600EF5996 /* glutfps.dsw */ = {isa = PBXFileReference; fileEncoding = 4; lastKnownFileType = text; path = glutfps.dsw; sourceTree = "<group>"; };
		43EDB84F142FD7F600EF5996 /* makefile */ = {isa = PBXFileReference; fileEncoding = 4; lastKnownFileType = sourcecode.make; path = makefile; sourceTree = "<group>"; };
		8DD76F6C0486A84900D96B5E /* FTPstats.yml */ = {isa = PBXFileReference; explicitFileType = "compiled.mach-o.executable"; includeInIndex = 0; path = FTPstats.yml; sourceTree = BUILT_PRODUCTS_DIR; };
		C6859E8B029090EE04C91782 /* FTPstats.yml.1 */ = {isa = PBXFileReference; lastKnownFileType = text.man; path = FTPstats.yml.1; sourceTree = "<group>"; };
/* End PBXFileReference section */

/* Begin PBXFrameworksBuildPhase section */
		8DD76F660486A84900D96B5E /* Frameworks */ = {
			isa = PBXFrameworksBuildPhase;
			buildActionMask = 2147483647;
			files = (
				43EDB850142FD7F600EF5996 /* glut32.lib in Frameworks */,
			);
			runOnlyForDeploymentPostprocessing = 0;
		};
/* End PBXFrameworksBuildPhase section */

/* Begin PBXGroup section */
		08FB7794FE84155DC02AAC07 /* FTPstats.yml */ = {
			isa = PBXGroup;
			children = (
				08FB7795FE84155DC02AAC07 /* Source */,
				C6859E8C029090F304C91782 /* Documentation */,
				1AB674ADFE9D54B511CA2CBB /* Products */,
			);
			name = FTPstats.yml;
			sourceTree = "<group>";
		};
		08FB7795FE84155DC02AAC07 /* Source */ = {
			isa = PBXGroup;
			children = (
				43EDB83A1428F12D00EF5996 /* yarn.cpp */,
				43EDB842142FD78B00EF5996 /* makefile */,
				43EDB846142FD7F600EF5996 /* glutfps */,
				43EDB8311428EE7B00EF5996 /* Particle.h */,
				43EDB8321428EE7B00EF5996 /* Particle.cpp */,
			);
			name = Source;
			sourceTree = "<group>";
		};
		1AB674ADFE9D54B511CA2CBB /* Products */ = {
			isa = PBXGroup;
			children = (
				8DD76F6C0486A84900D96B5E /* FTPstats.yml */,
			);
			name = Products;
			sourceTree = "<group>";
		};
		43EDB846142FD7F600EF5996 /* glutfps */ = {
			isa = PBXGroup;
			children = (
				43EDB847142FD7F600EF5996 /* GL */,
				43EDB849142FD7F600EF5996 /* glut.def */,
				43EDB84A142FD7F600EF5996 /* glut32.dll */,
				43EDB84B142FD7F600EF5996 /* glut32.lib */,
				43EDB84C142FD7F600EF5996 /* glutfps.cpp */,
				43EDB84D142FD7F600EF5996 /* glutfps.dsp */,
				43EDB84E142FD7F600EF5996 /* glutfps.dsw */,
				43EDB84F142FD7F600EF5996 /* makefile */,
			);
			name = glutfps;
			path = ../../glutfps;
			sourceTree = SOURCE_ROOT;
		};
		43EDB847142FD7F600EF5996 /* GL */ = {
			isa = PBXGroup;
			children = (
				43EDB848142FD7F600EF5996 /* glut.h */,
			);
			path = GL;
			sourceTree = "<group>";
		};
		C6859E8C029090F304C91782 /* Documentation */ = {
			isa = PBXGroup;
			children = (
				C6859E8B029090EE04C91782 /* FTPstats.yml.1 */,
			);
			name = Documentation;
			sourceTree = "<group>";
		};
/* End PBXGroup section */

/* Begin PBXLegacyTarget section */
		43EDB856142FD8BC00EF5996 /* yarn */ = {
			isa = PBXLegacyTarget;
			buildArgumentsString = "$(ACTION)";
			buildConfigurationList = 43EDB859142FD8DA00EF5996 /* Build configuration list for PBXLegacyTarget "yarn" */;
			buildPhases = (
			);
			buildToolPath = /usr/bin/make;
			buildWorkingDirectory = /Users/sunlingyang/g_proj;
			dependencies = (
			);
			name = yarn;
			passBuildSettingsInEnvironment = 1;
			productName = yarn;
		};
/* End PBXLegacyTarget section */

/* Begin PBXNativeTarget section */
		8DD76F620486A84900D96B5E /* FTPstats.yml */ = {
			isa = PBXNativeTarget;
			buildConfigurationList = 1DEB923108733DC60010E9CD /* Build configuration list for PBXNativeTarget "FTPstats.yml" */;
			buildPhases = (
				8DD76F640486A84900D96B5E /* Sources */,
				8DD76F660486A84900D96B5E /* Frameworks */,
				8DD76F690486A84900D96B5E /* CopyFiles */,
			);
			buildRules = (
			);
			dependencies = (
			);
			name = FTPstats.yml;
			productInstallPath = "$(HOME)/bin";
			productName = FTPstats.yml;
			productReference = 8DD76F6C0486A84900D96B5E /* FTPstats.yml */;
			productType = "com.apple.product-type.tool";
		};
/* End PBXNativeTarget section */

/* Begin PBXProject section */
		08FB7793FE84155DC02AAC07 /* Project object */ = {
			isa = PBXProject;
			buildConfigurationList = 1DEB923508733DC60010E9CD /* Build configuration list for PBXProject "FTPstats.yml" */;
			compatibilityVersion = "Xcode 3.1";
			hasScannedForEncodings = 1;
			mainGroup = 08FB7794FE84155DC02AAC07 /* FTPstats.yml */;
			projectDirPath = "";
			projectRoot = "";
			targets = (
				8DD76F620486A84900D96B5E /* FTPstats.yml */,
				43EDB856142FD8BC00EF5996 /* yarn */,
			);
		};
/* End PBXProject section */

/* Begin PBXSourcesBuildPhase section */
		8DD76F640486A84900D96B5E /* Sources */ = {
			isa = PBXSourcesBuildPhase;
			buildActionMask = 2147483647;
			files = (
				43EDB8331428EE7B00EF5996 /* Particle.cpp in Sources */,
				43EDB83B1428F12D00EF5996 /* yarn.cpp in Sources */,
				43EDB843142FD78B00EF5996 /* makefile in Sources */,
				43EDB851142FD7F600EF5996 /* glutfps.cpp in Sources */,
				43EDB852142FD7F600EF5996 /* makefile in Sources */,
			);
			runOnlyForDeploymentPostprocessing = 0;
		};
/* End PBXSourcesBuildPhase section */

/* Begin XCBuildConfiguration section */
		1DEB923208733DC60010E9CD /* Debug */ = {
			isa = XCBuildConfiguration;
			buildSettings = {
				ALWAYS_SEARCH_USER_PATHS = NO;
				COPY_PHASE_STRIP = NO;
				GCC_DYNAMIC_NO_PIC = NO;
				GCC_ENABLE_FIX_AND_CONTINUE = YES;
				GCC_MODEL_TUNING = G5;
				GCC_OPTIMIZATION_LEVEL = 0;
				GCC_PREPROCESSOR_DEFINITIONS = (
					"_GLIBCXX_DEBUG=1",
					"_GLIBCXX_DEBUG_PEDANTIC=1",
				);
				INSTALL_PATH = /usr/local/bin;
				LIBRARY_SEARCH_PATHS = (
					"$(inherited)",
					"\"$(SRCROOT)/../../glutfps\"",
				);
				PRODUCT_NAME = FTPstats.yml;
			};
			name = Debug;
		};
		1DEB923308733DC60010E9CD /* Release */ = {
			isa = XCBuildConfiguration;
			buildSettings = {
				ALWAYS_SEARCH_USER_PATHS = NO;
				DEBUG_INFORMATION_FORMAT = "dwarf-with-dsym";
				GCC_MODEL_TUNING = G5;
				INSTALL_PATH = /usr/local/bin;
				LIBRARY_SEARCH_PATHS = (
					"$(inherited)",
					"\"$(SRCROOT)/../../glutfps\"",
				);
				PRODUCT_NAME = FTPstats.yml;
			};
			name = Release;
		};
		1DEB923608733DC60010E9CD /* Debug */ = {
			isa = XCBuildConfiguration;
			buildSettings = {
				ARCHS = "$(ARCHS_STANDARD_32_BIT)";
				GCC_C_LANGUAGE_STANDARD = c99;
				GCC_OPTIMIZATION_LEVEL = 0;
				GCC_WARN_ABOUT_RETURN_TYPE = YES;
				GCC_WARN_UNUSED_VARIABLE = YES;
				ONLY_ACTIVE_ARCH = YES;
				PREBINDING = NO;
				SDKROOT = macosx10.5;
			};
			name = Debug;
		};
		1DEB923708733DC60010E9CD /* Release */ = {
			isa = XCBuildConfiguration;
			buildSettings = {
				ARCHS = "$(ARCHS_STANDARD_32_BIT)";
				GCC_C_LANGUAGE_STANDARD = c99;
				GCC_WARN_ABOUT_RETURN_TYPE = YES;
				GCC_WARN_UNUSED_VARIABLE = YES;
				PREBINDING = NO;
				SDKROOT = macosx10.5;
			};
			name = Release;
		};
		43EDB857142FD8BC00EF5996 /* Debug */ = {
			isa = XCBuildConfiguration;
			buildSettings = {
				COPY_PHASE_STRIP = NO;
				GCC_DYNAMIC_NO_PIC = NO;
				GCC_OPTIMIZATION_LEVEL = 0;
				PRODUCT_NAME = yarn;
			};
			name = Debug;
		};
		43EDB858142FD8BC00EF5996 /* Release */ = {
			isa = XCBuildConfiguration;
			buildSettings = {
				COPY_PHASE_STRIP = YES;
				DEBUG_INFORMATION_FORMAT = "dwarf-with-dsym";
				GCC_ENABLE_FIX_AND_CONTINUE = NO;
				PRODUCT_NAME = yarn;
				ZERO_LINK = NO;
			};
			name = Release;
		};
/* End XCBuildConfiguration section */

/* Begin XCConfigurationList section */
		1DEB923108733DC60010E9CD /* Build configuration list for PBXNativeTarget "FTPstats.yml" */ = {
			isa = XCConfigurationList;
			buildConfigurations = (
				1DEB923208733DC60010E9CD /* Debug */,
				1DEB923308733DC60010E9CD /* Release */,
			);
			defaultConfigurationIsVisible = 0;
			defaultConfigurationName = Release;
		};
		1DEB923508733DC60010E9CD /* Build configuration list for PBXProject "FTPstats.yml" */ = {
			isa = XCConfigurationList;
			buildConfigurations = (
				1DEB923608733DC60010E9CD /* Debug */,
				1DEB923708733DC60010E9CD /* Release */,
			);
			defaultConfigurationIsVisible = 0;
			defaultConfigurationName = Release;
		};
		43EDB859142FD8DA00EF5996 /* Build configuration list for PBXLegacyTarget "yarn" */ = {
			isa = XCConfigurationList;
			buildConfigurations = (
				43EDB857142FD8BC00EF5996 /* Debug */,
				43EDB858142FD8BC00EF5996 /* Release */,
			);
			defaultConfigurationIsVisible = 0;
			defaultConfigurationName = Release;
		};
/* End XCConfigurationList section */
	};
	rootObject = 08FB7793FE84155DC02AAC07 /* Project object */;
}
